
Microsoft Visual Studio Solution File, Format Version 12.00
# Visual Studio Version 16
VisualStudioVersion = 16.0.29728.190
MinimumVisualStudioVersion = 10.0.40219.1
Project("{2150E333-8FDC-42A3-9474-1A3956D46DE8}") = "shared", "shared", "{036F5A7D-2B05-4DE5-9AD8-45162E2F0645}"
	ProjectSection(SolutionItems) = preProject
		shared\dotnetty.com.pfx = shared\dotnetty.com.pfx
	EndProjectSection
EndProject
Project("{2150E333-8FDC-42A3-9474-1A3956D46DE8}") = "src", "src", "{126EA539-4B28-4B07-8B5D-D1D7F794D189}"
EndProject
Project("{9A19103F-16F7-4668-BE54-9A1E7A4F7556}") = "DotNetty.Common", "src\DotNetty.Common\DotNetty.Common.csproj", "{DF4FF0D0-A5CE-471F-B946-538C28C21CBB}"
EndProject
Project("{9A19103F-16F7-4668-BE54-9A1E7A4F7556}") = "DotNetty.Buffers", "src\DotNetty.Buffers\DotNetty.Buffers.csproj", "{64508DA2-40F1-4CC3-93E8-EA3B18A64E7E}"
EndProject
Project("{9A19103F-16F7-4668-BE54-9A1E7A4F7556}") = "DotNetty.Transport", "src\DotNetty.Transport\DotNetty.Transport.csproj", "{82796E9E-1331-4858-90C3-8E74BA4CC383}"
EndProject
Project("{9A19103F-16F7-4668-BE54-9A1E7A4F7556}") = "DotNetty.Codecs", "src\DotNetty.Codecs\DotNetty.Codecs.csproj", "{25F7AD69-7836-46E8-9B29-0FBB3C128FFB}"
EndProject
Project("{9A19103F-16F7-4668-BE54-9A1E7A4F7556}") = "DotNetty.Handlers", "src\DotNetty.Handlers\DotNetty.Handlers.csproj", "{12DCCEFD-623B-46CC-979C-407FA265E239}"
EndProject
Project("{9A19103F-16F7-4668-BE54-9A1E7A4F7556}") = "DotNetty.Codecs.Mqtt", "src\DotNetty.Codecs.Mqtt\DotNetty.Codecs.Mqtt.csproj", "{5ADB0FF5-8EFC-475A-BF08-6B35EF728329}"
EndProject
Project("{9A19103F-16F7-4668-BE54-9A1E7A4F7556}") = "DotNetty.Codecs.Protobuf", "src\DotNetty.Codecs.Protobuf\DotNetty.Codecs.Protobuf.csproj", "{D284C2BF-E06E-481B-B301-503A9D477B0E}"
EndProject
Project("{9A19103F-16F7-4668-BE54-9A1E7A4F7556}") = "DotNetty.Codecs.Redis", "src\DotNetty.Codecs.Redis\DotNetty.Codecs.Redis.csproj", "{1F442118-A665-4891-B056-FE9E54C5B049}"
EndProject
Project("{9A19103F-16F7-4668-BE54-9A1E7A4F7556}") = "DotNetty.Transport.Libuv", "src\DotNetty.Transport.Libuv\DotNetty.Transport.Libuv.csproj", "{9FE6A783-C20D-4097-9988-4178E2C4CE75}"
EndProject
Project("{9A19103F-16F7-4668-BE54-9A1E7A4F7556}") = "DotNetty.Codecs.Http", "src\DotNetty.Codecs.Http\DotNetty.Codecs.Http.csproj", "{5F68A5B1-7907-4B16-8AFE-326E9DD7D65B}"
EndProject
Project("{2150E333-8FDC-42A3-9474-1A3956D46DE8}") = "example", "example", "{1C18A1EC-0D52-4461-A8D9-D73F15C6A662}"
EndProject
Project("{9A19103F-16F7-4668-BE54-9A1E7A4F7556}") = "Echo.Client", "example\Echo.Client\Echo.Client.csproj", "{B18E8117-B245-4699-8A1E-77A03AAF4FBD}"
EndProject
Project("{9A19103F-16F7-4668-BE54-9A1E7A4F7556}") = "Examples.Common", "example\Examples.Common\Examples.Common.csproj", "{CBF27655-0173-43CB-B9E9-39EC205D3F79}"
EndProject
Project("{9A19103F-16F7-4668-BE54-9A1E7A4F7556}") = "Echo.Server", "example\Echo.Server\Echo.Server.csproj", "{3ABC59C4-BD43-4C0C-89EB-DBB91A5C6F46}"
EndProject
Project("{9A19103F-16F7-4668-BE54-9A1E7A4F7556}") = "WebSockets.Client", "example\WebSockets.Client\WebSockets.Client.csproj", "{D654827D-2D33-4EC7-8CDF-4E944328EB9B}"
EndProject
Project("{9A19103F-16F7-4668-BE54-9A1E7A4F7556}") = "WebSockets.Server", "example\WebSockets.Server\WebSockets.Server.csproj", "{8C91E5A0-1131-4D49-97B8-8B37D16FE1E5}"
EndProject
Global
	GlobalSection(SolutionConfigurationPlatforms) = preSolution
		Debug|Any CPU = Debug|Any CPU
		Release|Any CPU = Release|Any CPU
	EndGlobalSection
	GlobalSection(ProjectConfigurationPlatforms) = postSolution
		{DF4FF0D0-A5CE-471F-B946-538C28C21CBB}.Debug|Any CPU.ActiveCfg = Debug|Any CPU
		{DF4FF0D0-A5CE-471F-B946-538C28C21CBB}.Debug|Any CPU.Build.0 = Debug|Any CPU
		{DF4FF0D0-A5CE-471F-B946-538C28C21CBB}.Release|Any CPU.ActiveCfg = Release|Any CPU
		{DF4FF0D0-A5CE-471F-B946-538C28C21CBB}.Release|Any CPU.Build.0 = Release|Any CPU
		{64508DA2-40F1-4CC3-93E8-EA3B18A64E7E}.Debug|Any CPU.ActiveCfg = Debug|Any CPU
		{64508DA2-40F1-4CC3-93E8-EA3B18A64E7E}.Debug|Any CPU.Build.0 = Debug|Any CPU
		{64508DA2-40F1-4CC3-93E8-EA3B18A64E7E}.Release|Any CPU.ActiveCfg = Release|Any CPU
		{64508DA2-40F1-4CC3-93E8-EA3B18A64E7E}.Release|Any CPU.Build.0 = Release|Any CPU
		{82796E9E-1331-4858-90C3-8E74BA4CC383}.Debug|Any CPU.ActiveCfg = Debug|Any CPU
		{82796E9E-1331-4858-90C3-8E74BA4CC383}.Debug|Any CPU.Build.0 = Debug|Any CPU
		{82796E9E-1331-4858-90C3-8E74BA4CC383}.Release|Any CPU.ActiveCfg = Release|Any CPU
		{82796E9E-1331-4858-90C3-8E74BA4CC383}.Release|Any CPU.Build.0 = Release|Any CPU
		{25F7AD69-7836-46E8-9B29-0FBB3C128FFB}.Debug|Any CPU.ActiveCfg = Debug|Any CPU
		{25F7AD69-7836-46E8-9B29-0FBB3C128FFB}.Debug|Any CPU.Build.0 = Debug|Any CPU
		{25F7AD69-7836-46E8-9B29-0FBB3C128FFB}.Release|Any CPU.ActiveCfg = Release|Any CPU
		{25F7AD69-7836-46E8-9B29-0FBB3C128FFB}.Release|Any CPU.Build.0 = Release|Any CPU
		{12DCCEFD-623B-46CC-979C-407FA265E239}.Debug|Any CPU.ActiveCfg = Debug|Any CPU
		{12DCCEFD-623B-46CC-979C-407FA265E239}.Debug|Any CPU.Build.0 = Debug|Any CPU
		{12DCCEFD-623B-46CC-979C-407FA265E239}.Release|Any CPU.ActiveCfg = Release|Any CPU
		{12DCCEFD-623B-46CC-979C-407FA265E239}.Release|Any CPU.Build.0 = Release|Any CPU
		{5ADB0FF5-8EFC-475A-BF08-6B35EF728329}.Debug|Any CPU.ActiveCfg = Debug|Any CPU
		{5ADB0FF5-8EFC-475A-BF08-6B35EF728329}.Debug|Any CPU.Build.0 = Debug|Any CPU
		{5ADB0FF5-8EFC-475A-BF08-6B35EF728329}.Release|Any CPU.ActiveCfg = Release|Any CPU
		{5ADB0FF5-8EFC-475A-BF08-6B35EF728329}.Release|Any CPU.Build.0 = Release|Any CPU
		{D284C2BF-E06E-481B-B301-503A9D477B0E}.Debug|Any CPU.ActiveCfg = Debug|Any CPU
		{D284C2BF-E06E-481B-B301-503A9D477B0E}.Debug|Any CPU.Build.0 = Debug|Any CPU
		{D284C2BF-E06E-481B-B301-503A9D477B0E}.Release|Any CPU.ActiveCfg = Release|Any CPU
		{D284C2BF-E06E-481B-B301-503A9D477B0E}.Release|Any CPU.Build.0 = Release|Any CPU
		{1F442118-A665-4891-B056-FE9E54C5B049}.Debug|Any CPU.ActiveCfg = Debug|Any CPU
		{1F442118-A665-4891-B056-FE9E54C5B049}.Debug|Any CPU.Build.0 = Debug|Any CPU
		{1F442118-A665-4891-B056-FE9E54C5B049}.Release|Any CPU.ActiveCfg = Release|Any CPU
		{1F442118-A665-4891-B056-FE9E54C5B049}.Release|Any CPU.Build.0 = Release|Any CPU
		{9FE6A783-C20D-4097-9988-4178E2C4CE75}.Debug|Any CPU.ActiveCfg = Debug|Any CPU
		{9FE6A783-C20D-4097-9988-4178E2C4CE75}.Debug|Any CPU.Build.0 = Debug|Any CPU
		{9FE6A783-C20D-4097-9988-4178E2C4CE75}.Release|Any CPU.ActiveCfg = Release|Any CPU
		{9FE6A783-C20D-4097-9988-4178E2C4CE75}.Release|Any CPU.Build.0 = Release|Any CPU
		{5F68A5B1-7907-4B16-8AFE-326E9DD7D65B}.Debug|Any CPU.ActiveCfg = Debug|Any CPU
		{5F68A5B1-7907-4B16-8AFE-326E9DD7D65B}.Debug|Any CPU.Build.0 = Debug|Any CPU
		{5F68A5B1-7907-4B16-8AFE-326E9DD7D65B}.Release|Any CPU.ActiveCfg = Release|Any CPU
		{5F68A5B1-7907-4B16-8AFE-326E9DD7D65B}.Release|Any CPU.Build.0 = Release|Any CPU
		{B18E8117-B245-4699-8A1E-77A03AAF4FBD}.Debug|Any CPU.ActiveCfg = Debug|Any CPU
		{B18E8117-B245-4699-8A1E-77A03AAF4FBD}.Debug|Any CPU.Build.0 = Debug|Any CPU
		{B18E8117-B245-4699-8A1E-77A03AAF4FBD}.Release|Any CPU.ActiveCfg = Release|Any CPU
		{B18E8117-B245-4699-8A1E-77A03AAF4FBD}.Release|Any CPU.Build.0 = Release|Any CPU
		{CBF27655-0173-43CB-B9E9-39EC205D3F79}.Debug|Any CPU.ActiveCfg = Debug|Any CPU
		{CBF27655-0173-43CB-B9E9-39EC205D3F79}.Debug|Any CPU.Build.0 = Debug|Any CPU
		{CBF27655-0173-43CB-B9E9-39EC205D3F79}.Release|Any CPU.ActiveCfg = Release|Any CPU
		{CBF27655-0173-43CB-B9E9-39EC205D3F79}.Release|Any CPU.Build.0 = Release|Any CPU
		{3ABC59C4-BD43-4C0C-89EB-DBB91A5C6F46}.Debug|Any CPU.ActiveCfg = Debug|Any CPU
		{3ABC59C4-BD43-4C0C-89EB-DBB91A5C6F46}.Debug|Any CPU.Build.0 = Debug|Any CPU
		{3ABC59C4-BD43-4C0C-89EB-DBB91A5C6F46}.Release|Any CPU.ActiveCfg = Release|Any CPU
		{3ABC59C4-BD43-4C0C-89EB-DBB91A5C6F46}.Release|Any CPU.Build.0 = Release|Any CPU
		{D654827D-2D33-4EC7-8CDF-4E944328EB9B}.Debug|Any CPU.ActiveCfg = Debug|Any CPU
		{D654827D-2D33-4EC7-8CDF-4E944328EB9B}.Debug|Any CPU.Build.0 = Debug|Any CPU
		{D654827D-2D33-4EC7-8CDF-4E944328EB9B}.Release|Any CPU.ActiveCfg = Release|Any CPU
		{D654827D-2D33-4EC7-8CDF-4E944328EB9B}.Release|Any CPU.Build.0 = Release|Any CPU
		{8C91E5A0-1131-4D49-97B8-8B37D16FE1E5}.Debug|Any CPU.ActiveCfg = Debug|Any CPU
		{8C91E5A0-1131-4D49-97B8-8B37D16FE1E5}.Debug|Any CPU.Build.0 = Debug|Any CPU
		{8C91E5A0-1131-4D49-97B8-8B37D16FE1E5}.Release|Any CPU.ActiveCfg = Release|Any CPU
		{8C91E5A0-1131-4D49-97B8-8B37D16FE1E5}.Release|Any CPU.Build.0 = Release|Any CPU
	EndGlobalSection
	GlobalSection(SolutionProperties) = preSolution
		HideSolutionNode = FALSE
	EndGlobalSection
	GlobalSection(NestedProjects) = preSolution
		{DF4FF0D0-A5CE-471F-B946-538C28C21CBB} = {126EA539-4B28-4B07-8B5D-D1D7F794D189}
		{64508DA2-40F1-4CC3-93E8-EA3B18A64E7E} = {126EA539-4B28-4B07-8B5D-D1D7F794D189}
		{82796E9E-1331-4858-90C3-8E74BA4CC383} = {126EA539-4B28-4B07-8B5D-D1D7F794D189}
		{25F7AD69-7836-46E8-9B29-0FBB3C128FFB} = {126EA539-4B28-4B07-8B5D-D1D7F794D189}
		{12DCCEFD-623B-46CC-979C-407FA265E239} = {126EA539-4B28-4B07-8B5D-D1D7F794D189}
		{5ADB0FF5-8EFC-475A-BF08-6B35EF728329} = {126EA539-4B28-4B07-8B5D-D1D7F794D189}
		{D284C2BF-E06E-481B-B301-503A9D477B0E} = {126EA539-4B28-4B07-8B5D-D1D7F794D189}
		{1F442118-A665-4891-B056-FE9E54C5B049} = {126EA539-4B28-4B07-8B5D-D1D7F794D189}
		{9FE6A783-C20D-4097-9988-4178E2C4CE75} = {126EA539-4B28-4B07-8B5D-D1D7F794D189}
		{5F68A5B1-7907-4B16-8AFE-326E9DD7D65B} = {126EA539-4B28-4B07-8B5D-D1D7F794D189}
		{B18E8117-B245-4699-8A1E-77A03AAF4FBD} = {1C18A1EC-0D52-4461-A8D9-D73F15C6A662}
		{CBF27655-0173-43CB-B9E9-39EC205D3F79} = {1C18A1EC-0D52-4461-A8D9-D73F15C6A662}
		{3ABC59C4-BD43-4C0C-89EB-DBB91A5C6F46} = {1C18A1EC-0D52-4461-A8D9-D73F15C6A662}
		{D654827D-2D33-4EC7-8CDF-4E944328EB9B} = {1C18A1EC-0D52-4461-A8D9-D73F15C6A662}
		{8C91E5A0-1131-4D49-97B8-8B37D16FE1E5} = {1C18A1EC-0D52-4461-A8D9-D73F15C6A662}
	EndGlobalSection
	GlobalSection(ExtensibilityGlobals) = postSolution
		{9FE6A783-C20D-4097-9988-4178E2C4CE75} = {126EA539-4B28-4B07-8B5D-D1D7F794D189}
		SolutionGuid = {1FBD8DF1-D90A-4F21-8EB6-DA17B9431FE3}
	EndGlobalSection
EndGlobal
